// !$*UTF8*$!
{
	archiveVersion = 1;
	classes = {
	};
	objectVersion = 46;
	objects = {

/* Begin PBXBuildFile section */
		224C29A71807A4E800960D03 /* Foundation.framework in Frameworks */ = {isa = PBXBuildFile; fileRef = 224C29A61807A4E800960D03 /* Foundation.framework */; };
		224C29AB1807A4E800960D03 /* UIKit.framework in Frameworks */ = {isa = PBXBuildFile; fileRef = 224C29AA1807A4E800960D03 /* UIKit.framework */; };
		224C29B11807A4E800960D03 /* InfoPlist.strings in Resources */ = {isa = PBXBuildFile; fileRef = 224C29AF1807A4E800960D03 /* InfoPlist.strings */; };
		224C29BA1807A4E800960D03 /* Main.storyboard in Resources */ = {isa = PBXBuildFile; fileRef = 224C29B81807A4E800960D03 /* Main.storyboard */; };
		224C29C01807A4E800960D03 /* TypesViewController.m in Sources */ = {isa = PBXBuildFile; fileRef = 224C29BF1807A4E800960D03 /* TypesViewController.m */; };
		224C29C51807A4E800960D03 /* Images.xcassets in Resources */ = {isa = PBXBuildFile; fileRef = 224C29C41807A4E800960D03 /* Images.xcassets */; };
		229685A31842923F008F9D40 /* PickerRowView.m in Sources */ = {isa = PBXBuildFile; fileRef = 229685A21842923F008F9D40 /* PickerRowView.m */; };
		22ED7BFE1847DC7400CED121 /* PokeBallFactory.m in Sources */ = {isa = PBXBuildFile; fileRef = 22ED7BFD1847DC7400CED121 /* PokeBallFactory.m */; };
		B52E522B1B3279A700B58423 /* Localizable.strings in Resources */ = {isa = PBXBuildFile; fileRef = B52E522D1B3279A700B58423 /* Localizable.strings */; };
		B53FA65C1B63DFE100D12144 /* AppDelegate.swift in Sources */ = {isa = PBXBuildFile; fileRef = B53FA65B1B63DFE100D12144 /* AppDelegate.swift */; };
		B57D04421B3872E70098F5E7 /* RateItAlertController.m in Sources */ = {isa = PBXBuildFile; fileRef = B57D04411B3872E70098F5E7 /* RateItAlertController.m */; };
		B5AD6ADB1B2FB2C1005DF9BD /* Launch Screen.xib in Resources */ = {isa = PBXBuildFile; fileRef = B5AD6ADA1B2FB2C1005DF9BD /* Launch Screen.xib */; };
/* End PBXBuildFile section */

/* Begin PBXFileReference section */
		224C29A31807A4E800960D03 /* Types.app */ = {isa = PBXFileReference; explicitFileType = wrapper.application; includeInIndex = 0; path = Types.app; sourceTree = BUILT_PRODUCTS_DIR; };
		224C29A61807A4E800960D03 /* Foundation.framework */ = {isa = PBXFileReference; lastKnownFileType = wrapper.framework; name = Foundation.framework; path = System/Library/Frameworks/Foundation.framework; sourceTree = SDKROOT; };
		224C29AA1807A4E800960D03 /* UIKit.framework */ = {isa = PBXFileReference; lastKnownFileType = wrapper.framework; name = UIKit.framework; path = System/Library/Frameworks/UIKit.framework; sourceTree = SDKROOT; };
		224C29AE1807A4E800960D03 /* Types-Info.plist */ = {isa = PBXFileReference; lastKnownFileType = text.plist.xml; path = "Types-Info.plist"; sourceTree = "<group>"; };
		224C29B01807A4E800960D03 /* en */ = {isa = PBXFileReference; lastKnownFileType = text.plist.strings; name = en; path = en.lproj/InfoPlist.strings; sourceTree = "<group>"; };
		224C29B41807A4E800960D03 /* Types-Prefix.pch */ = {isa = PBXFileReference; lastKnownFileType = sourcecode.c.h; path = "Types-Prefix.pch"; sourceTree = "<group>"; };
		224C29B91807A4E800960D03 /* Base */ = {isa = PBXFileReference; lastKnownFileType = file.storyboard; name = Base; path = Base.lproj/Main.storyboard; sourceTree = "<group>"; };
		224C29BE1807A4E800960D03 /* TypesViewController.h */ = {isa = PBXFileReference; lastKnownFileType = sourcecode.c.h; path = TypesViewController.h; sourceTree = "<group>"; };
		224C29BF1807A4E800960D03 /* TypesViewController.m */ = {isa = PBXFileReference; lastKnownFileType = sourcecode.c.objc; lineEnding = 0; path = TypesViewController.m; sourceTree = "<group>"; xcLanguageSpecificationIdentifier = xcode.lang.objc; };
		224C29C41807A4E800960D03 /* Images.xcassets */ = {isa = PBXFileReference; lastKnownFileType = folder.assetcatalog; path = Images.xcassets; sourceTree = "<group>"; };
		229685A11842923F008F9D40 /* PickerRowView.h */ = {isa = PBXFileReference; fileEncoding = 4; lastKnownFileType = sourcecode.c.h; path = PickerRowView.h; sourceTree = "<group>"; };
		229685A21842923F008F9D40 /* PickerRowView.m */ = {isa = PBXFileReference; fileEncoding = 4; lastKnownFileType = sourcecode.c.objc; path = PickerRowView.m; sourceTree = "<group>"; };
		22ED7BFC1847DC7400CED121 /* PokeBallFactory.h */ = {isa = PBXFileReference; fileEncoding = 4; lastKnownFileType = sourcecode.c.h; path = PokeBallFactory.h; sourceTree = "<group>"; };
		22ED7BFD1847DC7400CED121 /* PokeBallFactory.m */ = {isa = PBXFileReference; fileEncoding = 4; lastKnownFileType = sourcecode.c.objc; path = PokeBallFactory.m; sourceTree = "<group>"; };
		B52E52271B3277B700B58423 /* ja */ = {isa = PBXFileReference; lastKnownFileType = text.plist.strings; name = ja; path = ja.lproj/Main.strings; sourceTree = "<group>"; };
		B52E52281B3277B700B58423 /* ja */ = {isa = PBXFileReference; lastKnownFileType = text.plist.strings; name = ja; path = ja.lproj/InfoPlist.strings; sourceTree = "<group>"; };
		B52E522C1B3279A700B58423 /* ja */ = {isa = PBXFileReference; lastKnownFileType = text.plist.strings; name = ja; path = ja.lproj/Localizable.strings; sourceTree = "<group>"; };
		B53FA65A1B63DFE000D12144 /* Types-Bridging-Header.h */ = {isa = PBXFileReference; lastKnownFileType = sourcecode.c.h; path = "Types-Bridging-Header.h"; sourceTree = "<group>"; };
		B53FA65B1B63DFE100D12144 /* AppDelegate.swift */ = {isa = PBXFileReference; fileEncoding = 4; lastKnownFileType = sourcecode.swift; path = AppDelegate.swift; sourceTree = "<group>"; };
		B57D04401B3872E70098F5E7 /* RateItAlertController.h */ = {isa = PBXFileReference; fileEncoding = 4; lastKnownFileType = sourcecode.c.h; path = RateItAlertController.h; sourceTree = "<group>"; };
		B57D04411B3872E70098F5E7 /* RateItAlertController.m */ = {isa = PBXFileReference; fileEncoding = 4; lastKnownFileType = sourcecode.c.objc; path = RateItAlertController.m; sourceTree = "<group>"; };
		B5AD6ADA1B2FB2C1005DF9BD /* Launch Screen.xib */ = {isa = PBXFileReference; fileEncoding = 4; lastKnownFileType = file.xib; path = "Launch Screen.xib"; sourceTree = "<group>"; };
/* End PBXFileReference section */

/* Begin PBXFrameworksBuildPhase section */
		224C29A01807A4E800960D03 /* Frameworks */ = {
			isa = PBXFrameworksBuildPhase;
			buildActionMask = 2147483647;
			files = (
				224C29AB1807A4E800960D03 /* UIKit.framework in Frameworks */,
				224C29A71807A4E800960D03 /* Foundation.framework in Frameworks */,
			);
			runOnlyForDeploymentPostprocessing = 0;
		};
/* End PBXFrameworksBuildPhase section */

/* Begin PBXGroup section */
		224C299A1807A4E800960D03 = {
			isa = PBXGroup;
			children = (
				224C29AC1807A4E800960D03 /* Types */,
				224C29A51807A4E800960D03 /* Frameworks */,
				224C29A41807A4E800960D03 /* Products */,
			);
			sourceTree = "<group>";
		};
		224C29A41807A4E800960D03 /* Products */ = {
			isa = PBXGroup;
			children = (
				224C29A31807A4E800960D03 /* Types.app */,
			);
			name = Products;
			sourceTree = "<group>";
		};
		224C29A51807A4E800960D03 /* Frameworks */ = {
			isa = PBXGroup;
			children = (
				224C29A61807A4E800960D03 /* Foundation.framework */,
				224C29AA1807A4E800960D03 /* UIKit.framework */,
			);
			name = Frameworks;
			sourceTree = "<group>";
		};
		224C29AC1807A4E800960D03 /* Types */ = {
			isa = PBXGroup;
			children = (
				B53FA65B1B63DFE100D12144 /* AppDelegate.swift */,
				224C29B81807A4E800960D03 /* Main.storyboard */,
				22ED7BFC1847DC7400CED121 /* PokeBallFactory.h */,
				22ED7BFD1847DC7400CED121 /* PokeBallFactory.m */,
				229685A11842923F008F9D40 /* PickerRowView.h */,
				229685A21842923F008F9D40 /* PickerRowView.m */,
				B57D04401B3872E70098F5E7 /* RateItAlertController.h */,
				B57D04411B3872E70098F5E7 /* RateItAlertController.m */,
				224C29BE1807A4E800960D03 /* TypesViewController.h */,
				224C29BF1807A4E800960D03 /* TypesViewController.m */,
				224C29C41807A4E800960D03 /* Images.xcassets */,
				B5AD6ADA1B2FB2C1005DF9BD /* Launch Screen.xib */,
				224C29AD1807A4E800960D03 /* Supporting Files */,
				B53FA65A1B63DFE000D12144 /* Types-Bridging-Header.h */,
			);
			path = Types;
			sourceTree = "<group>";
		};
		224C29AD1807A4E800960D03 /* Supporting Files */ = {
			isa = PBXGroup;
			children = (
				B52E522D1B3279A700B58423 /* Localizable.strings */,
				224C29AE1807A4E800960D03 /* Types-Info.plist */,
				224C29AF1807A4E800960D03 /* InfoPlist.strings */,
				224C29B41807A4E800960D03 /* Types-Prefix.pch */,
			);
			name = "Supporting Files";
			sourceTree = "<group>";
		};
/* End PBXGroup section */

/* Begin PBXNativeTarget section */
		224C29A21807A4E800960D03 /* Types */ = {
			isa = PBXNativeTarget;
			buildConfigurationList = 224C29DB1807A4E900960D03 /* Build configuration list for PBXNativeTarget "Types" */;
			buildPhases = (
				224C299F1807A4E800960D03 /* Sources */,
				224C29A01807A4E800960D03 /* Frameworks */,
				224C29A11807A4E800960D03 /* Resources */,
			);
			buildRules = (
			);
			dependencies = (
			);
			name = Types;
			productName = Types;
			productReference = 224C29A31807A4E800960D03 /* Types.app */;
			productType = "com.apple.product-type.application";
		};
/* End PBXNativeTarget section */

/* Begin PBXProject section */
		224C299B1807A4E800960D03 /* Project object */ = {
			isa = PBXProject;
			attributes = {
				LastUpgradeCheck = 0510;
				ORGANIZATIONNAME = "Andrew Clissold";
				TargetAttributes = {
					224C29A21807A4E800960D03 = {
						DevelopmentTeam = DVS6NR923Y;
					};
				};
			};
			buildConfigurationList = 224C299E1807A4E800960D03 /* Build configuration list for PBXProject "Types" */;
			compatibilityVersion = "Xcode 3.2";
			developmentRegion = English;
			hasScannedForEncodings = 0;
			knownRegions = (
				en,
				Base,
				ja,
			);
			mainGroup = 224C299A1807A4E800960D03;
			productRefGroup = 224C29A41807A4E800960D03 /* Products */;
			projectDirPath = "";
			projectRoot = "";
			targets = (
				224C29A21807A4E800960D03 /* Types */,
			);
		};
/* End PBXProject section */

/* Begin PBXResourcesBuildPhase section */
		224C29A11807A4E800960D03 /* Resources */ = {
			isa = PBXResourcesBuildPhase;
			buildActionMask = 2147483647;
			files = (
				B52E522B1B3279A700B58423 /* Localizable.strings in Resources */,
				224C29C51807A4E800960D03 /* Images.xcassets in Resources */,
				B5AD6ADB1B2FB2C1005DF9BD /* Launch Screen.xib in Resources */,
				224C29BA1807A4E800960D03 /* Main.storyboard in Resources */,
				224C29B11807A4E800960D03 /* InfoPlist.strings in Resources */,
			);
			runOnlyForDeploymentPostprocessing = 0;
		};
/* End PBXResourcesBuildPhase section */

/* Begin PBXSourcesBuildPhase section */
		224C299F1807A4E800960D03 /* Sources */ = {
			isa = PBXSourcesBuildPhase;
			buildActionMask = 2147483647;
			files = (
				229685A31842923F008F9D40 /* PickerRowView.m in Sources */,
				B57D04421B3872E70098F5E7 /* RateItAlertController.m in Sources */,
				224C29C01807A4E800960D03 /* TypesViewController.m in Sources */,
				B53FA65C1B63DFE100D12144 /* AppDelegate.swift in Sources */,
				22ED7BFE1847DC7400CED121 /* PokeBallFactory.m in Sources */,
			);
			runOnlyForDeploymentPostprocessing = 0;
		};
/* End PBXSourcesBuildPhase section */

/* Begin PBXVariantGroup section */
		224C29AF1807A4E800960D03 /* InfoPlist.strings */ = {
			isa = PBXVariantGroup;
			children = (
				224C29B01807A4E800960D03 /* en */,
				B52E52281B3277B700B58423 /* ja */,
			);
			name = InfoPlist.strings;
			sourceTree = "<group>";
		};
		224C29B81807A4E800960D03 /* Main.storyboard */ = {
			isa = PBXVariantGroup;
			children = (
				224C29B91807A4E800960D03 /* Base */,
				B52E52271B3277B700B58423 /* ja */,
			);
			name = Main.storyboard;
			sourceTree = "<group>";
		};
		B52E522D1B3279A700B58423 /* Localizable.strings */ = {
			isa = PBXVariantGroup;
			children = (
				B52E522C1B3279A700B58423 /* ja */,
			);
			name = Localizable.strings;
			sourceTree = "<group>";
		};
/* End PBXVariantGroup section */

/* Begin XCBuildConfiguration section */
		224C29D91807A4E900960D03 /* Debug */ = {
			isa = XCBuildConfiguration;
			buildSettings = {
				ALWAYS_SEARCH_USER_PATHS = NO;
				CLANG_CXX_LANGUAGE_STANDARD = "gnu++0x";
				CLANG_CXX_LIBRARY = "libc++";
				CLANG_ENABLE_MODULES = YES;
				CLANG_ENABLE_OBJC_ARC = YES;
				CLANG_WARN_BOOL_CONVERSION = YES;
				CLANG_WARN_CONSTANT_CONVERSION = YES;
				CLANG_WARN_DIRECT_OBJC_ISA_USAGE = YES_ERROR;
				CLANG_WARN_EMPTY_BODY = YES;
				CLANG_WARN_ENUM_CONVERSION = YES;
				CLANG_WARN_INT_CONVERSION = YES;
				CLANG_WARN_OBJC_ROOT_CLASS = YES_ERROR;
				CLANG_WARN__DUPLICATE_METHOD_MATCH = YES;
				"CODE_SIGN_IDENTITY[sdk=iphoneos*]" = "iPhone Developer";
				COPY_PHASE_STRIP = NO;
				GCC_C_LANGUAGE_STANDARD = gnu99;
				GCC_DYNAMIC_NO_PIC = NO;
				GCC_OPTIMIZATION_LEVEL = 0;
				GCC_PREPROCESSOR_DEFINITIONS = (
					"DEBUG=1",
					"$(inherited)",
				);
				GCC_SYMBOLS_PRIVATE_EXTERN = NO;
				GCC_WARN_64_TO_32_BIT_CONVERSION = YES;
				GCC_WARN_ABOUT_RETURN_TYPE = YES_ERROR;
				GCC_WARN_UNDECLARED_SELECTOR = YES;
				GCC_WARN_UNINITIALIZED_AUTOS = YES;
				GCC_WARN_UNUSED_FUNCTION = YES;
				GCC_WARN_UNUSED_VARIABLE = YES;
				IPHONEOS_DEPLOYMENT_TARGET = 7.0;
				ONLY_ACTIVE_ARCH = YES;
				SDKROOT = iphoneos;
				TARGETED_DEVICE_FAMILY = "1,2";
			};
			name = Debug;
		};
		224C29DA1807A4E900960D03 /* Release */ = {
			isa = XCBuildConfiguration;
			buildSettings = {
				ALWAYS_SEARCH_USER_PATHS = NO;
				CLANG_CXX_LANGUAGE_STANDARD = "gnu++0x";
				CLANG_CXX_LIBRARY = "libc++";
				CLANG_ENABLE_MODULES = YES;
				CLANG_ENABLE_OBJC_ARC = YES;
				CLANG_WARN_BOOL_CONVERSION = YES;
				CLANG_WARN_CONSTANT_CONVERSION = YES;
				CLANG_WARN_DIRECT_OBJC_ISA_USAGE = YES_ERROR;
				CLANG_WARN_EMPTY_BODY = YES;
				CLANG_WARN_ENUM_CONVERSION = YES;
				CLANG_WARN_INT_CONVERSION = YES;
				CLANG_WARN_OBJC_ROOT_CLASS = YES_ERROR;
				CLANG_WARN__DUPLICATE_METHOD_MATCH = YES;
				"CODE_SIGN_IDENTITY[sdk=iphoneos*]" = "iPhone Developer";
				COPY_PHASE_STRIP = YES;
				ENABLE_NS_ASSERTIONS = NO;
				GCC_C_LANGUAGE_STANDARD = gnu99;
				GCC_WARN_64_TO_32_BIT_CONVERSION = YES;
				GCC_WARN_ABOUT_RETURN_TYPE = YES_ERROR;
				GCC_WARN_UNDECLARED_SELECTOR = YES;
				GCC_WARN_UNINITIALIZED_AUTOS = YES;
				GCC_WARN_UNUSED_FUNCTION = YES;
				GCC_WARN_UNUSED_VARIABLE = YES;
				IPHONEOS_DEPLOYMENT_TARGET = 7.0;
				SDKROOT = iphoneos;
				TARGETED_DEVICE_FAMILY = "1,2";
				VALIDATE_PRODUCT = YES;
			};
			name = Release;
		};
		224C29DC1807A4E900960D03 /* Debug */ = {
			isa = XCBuildConfiguration;
			buildSettings = {
				ASSETCATALOG_COMPILER_APPICON_NAME = AppIcon;
				ASSETCATALOG_COMPILER_LAUNCHIMAGE_NAME = LaunchImage;
				CLANG_ENABLE_MODULES = YES;
				CODE_SIGN_IDENTITY = "iPhone Developer";
				GCC_PRECOMPILE_PREFIX_HEADER = YES;
				GCC_PREFIX_HEADER = "Types/Types-Prefix.pch";
				GCC_TREAT_WARNINGS_AS_ERRORS = YES;
				INFOPLIST_FILE = "Types/Types-Info.plist";
				IPHONEOS_DEPLOYMENT_TARGET = 7.0;
				LD_RUNPATH_SEARCH_PATHS = "$(inherited) @executable_path/Frameworks";
				PRODUCT_NAME = Types;
				SWIFT_OBJC_BRIDGING_HEADER = "Types/Types-Bridging-Header.h";
				SWIFT_OPTIMIZATION_LEVEL = "-Onone";
				TARGETED_DEVICE_FAMILY = "1,2";
				WARNING_CFLAGS = "-Wall";
				WRAPPER_EXTENSION = app;
			};
			name = Debug;
		};
		224C29DD1807A4E900960D03 /* Release */ = {
			isa = XCBuildConfiguration;
			buildSettings = {
				ASSETCATALOG_COMPILER_APPICON_NAME = AppIcon;
				ASSETCATALOG_COMPILER_LAUNCHIMAGE_NAME = LaunchImage;
				CLANG_ENABLE_MODULES = YES;
				CODE_SIGN_IDENTITY = "iPhone Developer";
				GCC_PRECOMPILE_PREFIX_HEADER = YES;
				GCC_PREFIX_HEADER = "Types/Types-Prefix.pch";
				GCC_TREAT_WARNINGS_AS_ERRORS = YES;
				INFOPLIST_FILE = "Types/Types-Info.plist";
				IPHONEOS_DEPLOYMENT_TARGET = 7.0;
				LD_RUNPATH_SEARCH_PATHS = "$(inherited) @executable_path/Frameworks";
				PRODUCT_NAME = Types;
				SWIFT_OBJC_BRIDGING_HEADER = "Types/Types-Bridging-Header.h";
				TARGETED_DEVICE_FAMILY = "1,2";
				WARNING_CFLAGS = "-Wall";
				WRAPPER_EXTENSION = app;
			};
			name = Release;
		};
/* End XCBuildConfiguration section */

/* Begin XCConfigurationList section */
		224C299E1807A4E800960D03 /* Build configuration list for PBXProject "Types" */ = {
			isa = XCConfigurationList;
			buildConfigurations = (
				224C29D91807A4E900960D03 /* Debug */,
				224C29DA1807A4E900960D03 /* Release */,
			);
			defaultConfigurationIsVisible = 0;
			defaultConfigurationName = Release;
		};
		224C29DB1807A4E900960D03 /* Build configuration list for PBXNativeTarget "Types" */ = {
			isa = XCConfigurationList;
			buildConfigurations = (
				224C29DC1807A4E900960D03 /* Debug */,
				224C29DD1807A4E900960D03 /* Release */,
			);
			defaultConfigurationIsVisible = 0;
			defaultConfigurationName = Release;
		};
/* End XCConfigurationList section */
	};
	rootObject = 224C299B1807A4E800960D03 /* Project object */;
}
